
Microsoft Visual Studio Solution File, Format Version 12.00
# Visual Studio Version 17
VisualStudioVersion = 17.0.31903.59
MinimumVisualStudioVersion = 10.0.40219.1
Project("{2150E333-8FDC-42A3-9474-1A3956D46DE8}") = "src", "src", "{D7A37767-7A74-4FC2-B107-329BB5684957}"
EndProject
Project("{FAE04EC0-301F-11D3-BF4B-00C04F79EFBC}") = "Agora.API", "src\api\src\Agora.API\Agora.API.csproj", "{DCB8C02A-8DBF-4195-B555-B4858C0F385C}"
EndProject
Project("{2150E333-8FDC-42A3-9474-1A3956D46DE8}") = "stores", "stores", "{5585FE36-89C1-4C45-8701-4DCC341EB855}"
EndProject
Project("{2150E333-8FDC-42A3-9474-1A3956D46DE8}") = "src", "src", "{5A7248D8-0D4E-4CC7-AADA-7B2F117A5A21}"
EndProject
Project("{FAE04EC0-301F-11D3-BF4B-00C04F79EFBC}") = "Agora.Stores", "src\stores\src\Agora.Stores\Agora.Stores.csproj", "{4D266EA2-B46A-4F2E-B3E1-133DE67B57BD}"
EndProject
Project("{2150E333-8FDC-42A3-9474-1A3956D46DE8}") = "tests", "tests", "{4A0B410F-C48B-4BF3-AC16-942A758CA510}"
EndProject
Project("{FAE04EC0-301F-11D3-BF4B-00C04F79EFBC}") = "Agora.Stores.IntegrationTests", "src\stores\tests\Agora.Stores.IntegrationTests\Agora.Stores.IntegrationTests.csproj", "{E33AB5FE-3B00-4FE4-BA6D-D8186CD6D613}"
EndProject
Project("{2150E333-8FDC-42A3-9474-1A3956D46DE8}") = "shared", "shared", "{25C54731-A8D2-471B-A322-0F168F8FE74C}"
EndProject
Project("{2150E333-8FDC-42A3-9474-1A3956D46DE8}") = "src", "src", "{CE946359-2403-4A97-A425-A1D999FB9B85}"
EndProject
Project("{FAE04EC0-301F-11D3-BF4B-00C04F79EFBC}") = "Agora.Shared", "src\shared\src\Agora.Shared\Agora.Shared.csproj", "{10460F7D-4B18-4162-B039-9B3758E412BF}"
EndProject
Project("{2150E333-8FDC-42A3-9474-1A3956D46DE8}") = "identity", "identity", "{4718047B-A497-4F28-9C97-2A534E4334F9}"
EndProject
Project("{2150E333-8FDC-42A3-9474-1A3956D46DE8}") = "src", "src", "{1CD233D0-79B4-4068-BE10-88D70DC324CC}"
EndProject
Project("{FAE04EC0-301F-11D3-BF4B-00C04F79EFBC}") = "Agora.Identity", "src\identity\src\Agora.Identity\Agora.Identity.csproj", "{FA86051B-8B40-4E2A-B3A4-87D67CF5C1F2}"
EndProject
Project("{2150E333-8FDC-42A3-9474-1A3956D46DE8}") = "tests", "tests", "{5BD781C1-273B-49FF-AE8C-1A32CB57F0D0}"
EndProject
Project("{FAE04EC0-301F-11D3-BF4B-00C04F79EFBC}") = "Agora.Identity.IntegrationTests", "src\identity\tests\Agora.Identity.IntegrationTests\Agora.Identity.IntegrationTests.csproj", "{CDC38F26-4DC6-4291-9878-7A180BCCD2EF}"
EndProject
Project("{2150E333-8FDC-42A3-9474-1A3956D46DE8}") = "tests", "tests", "{9145C229-A1F7-43EC-9625-77E7A5DE4ECB}"
EndProject
Project("{FAE04EC0-301F-11D3-BF4B-00C04F79EFBC}") = "Agora.Shared.IntegrationTests", "src\shared\tests\Agora.Shared.IntegrationTests\Agora.Shared.IntegrationTests.csproj", "{D2605559-356E-4233-AF6E-53B64440693B}"
EndProject
Project("{FAE04EC0-301F-11D3-BF4B-00C04F79EFBC}") = "Agora.Stores.UnitTests", "src\stores\tests\Agora.Stores.UnitTests\Agora.Stores.UnitTests.csproj", "{53D1FC35-CBBE-4AB2-AAEF-9AF6A0A44092}"
EndProject
Project("{2150E333-8FDC-42A3-9474-1A3956D46DE8}") = "sales", "sales", "{0C20E402-2079-4029-9938-B94DCD0BDC20}"
EndProject
Project("{2150E333-8FDC-42A3-9474-1A3956D46DE8}") = "src", "src", "{36734CB7-3858-44C9-BAC7-FA8D6FB956FB}"
EndProject
Project("{FAE04EC0-301F-11D3-BF4B-00C04F79EFBC}") = "Agora.Sales", "src\sales\src\Agora.Sales\Agora.Sales.csproj", "{6ADFBF38-4459-43D2-838D-9C40A0CF4C55}"
EndProject
Project("{2150E333-8FDC-42A3-9474-1A3956D46DE8}") = "catalogs", "catalogs", "{1F7AC722-E9E1-41BC-A0E2-4387FF418ABB}"
EndProject
Project("{2150E333-8FDC-42A3-9474-1A3956D46DE8}") = "src", "src", "{19E0235E-CEC5-4B98-BFB1-6E5D777A47B0}"
EndProject
Project("{FAE04EC0-301F-11D3-BF4B-00C04F79EFBC}") = "Agora.Catalogs", "src\catalogs\src\Agora.Catalogs\Agora.Catalogs.csproj", "{65461143-3E62-411D-A955-E9A4C56D73B9}"
EndProject
Project("{2150E333-8FDC-42A3-9474-1A3956D46DE8}") = "tests", "tests", "{4A81F038-1602-4205-ABAE-C5AAF20492FE}"
EndProject
Project("{FAE04EC0-301F-11D3-BF4B-00C04F79EFBC}") = "Agora.Catalogs.IntegrationTests", "src\catalogs\tests\Agora.Catalogs.IntegrationTests\Agora.Catalogs.IntegrationTests.csproj", "{AB582435-6493-485C-A98E-B5837DAB2CBD}"
EndProject
Global
	GlobalSection(SolutionConfigurationPlatforms) = preSolution
		Debug|Any CPU = Debug|Any CPU
		Release|Any CPU = Release|Any CPU
	EndGlobalSection
	GlobalSection(SolutionProperties) = preSolution
		HideSolutionNode = FALSE
	EndGlobalSection
	GlobalSection(ProjectConfigurationPlatforms) = postSolution
		{DCB8C02A-8DBF-4195-B555-B4858C0F385C}.Debug|Any CPU.ActiveCfg = Debug|Any CPU
		{DCB8C02A-8DBF-4195-B555-B4858C0F385C}.Debug|Any CPU.Build.0 = Debug|Any CPU
		{DCB8C02A-8DBF-4195-B555-B4858C0F385C}.Release|Any CPU.ActiveCfg = Release|Any CPU
		{DCB8C02A-8DBF-4195-B555-B4858C0F385C}.Release|Any CPU.Build.0 = Release|Any CPU
		{4D266EA2-B46A-4F2E-B3E1-133DE67B57BD}.Debug|Any CPU.ActiveCfg = Debug|Any CPU
		{4D266EA2-B46A-4F2E-B3E1-133DE67B57BD}.Debug|Any CPU.Build.0 = Debug|Any CPU
		{4D266EA2-B46A-4F2E-B3E1-133DE67B57BD}.Release|Any CPU.ActiveCfg = Release|Any CPU
		{4D266EA2-B46A-4F2E-B3E1-133DE67B57BD}.Release|Any CPU.Build.0 = Release|Any CPU
		{E33AB5FE-3B00-4FE4-BA6D-D8186CD6D613}.Debug|Any CPU.ActiveCfg = Debug|Any CPU
		{E33AB5FE-3B00-4FE4-BA6D-D8186CD6D613}.Debug|Any CPU.Build.0 = Debug|Any CPU
		{E33AB5FE-3B00-4FE4-BA6D-D8186CD6D613}.Release|Any CPU.ActiveCfg = Release|Any CPU
		{E33AB5FE-3B00-4FE4-BA6D-D8186CD6D613}.Release|Any CPU.Build.0 = Release|Any CPU
		{10460F7D-4B18-4162-B039-9B3758E412BF}.Debug|Any CPU.ActiveCfg = Debug|Any CPU
		{10460F7D-4B18-4162-B039-9B3758E412BF}.Debug|Any CPU.Build.0 = Debug|Any CPU
		{10460F7D-4B18-4162-B039-9B3758E412BF}.Release|Any CPU.ActiveCfg = Release|Any CPU
		{10460F7D-4B18-4162-B039-9B3758E412BF}.Release|Any CPU.Build.0 = Release|Any CPU
		{FA86051B-8B40-4E2A-B3A4-87D67CF5C1F2}.Debug|Any CPU.ActiveCfg = Debug|Any CPU
		{FA86051B-8B40-4E2A-B3A4-87D67CF5C1F2}.Debug|Any CPU.Build.0 = Debug|Any CPU
		{FA86051B-8B40-4E2A-B3A4-87D67CF5C1F2}.Release|Any CPU.ActiveCfg = Release|Any CPU
		{FA86051B-8B40-4E2A-B3A4-87D67CF5C1F2}.Release|Any CPU.Build.0 = Release|Any CPU
		{CDC38F26-4DC6-4291-9878-7A180BCCD2EF}.Debug|Any CPU.ActiveCfg = Debug|Any CPU
		{CDC38F26-4DC6-4291-9878-7A180BCCD2EF}.Debug|Any CPU.Build.0 = Debug|Any CPU
		{CDC38F26-4DC6-4291-9878-7A180BCCD2EF}.Release|Any CPU.ActiveCfg = Release|Any CPU
		{CDC38F26-4DC6-4291-9878-7A180BCCD2EF}.Release|Any CPU.Build.0 = Release|Any CPU
		{D2605559-356E-4233-AF6E-53B64440693B}.Debug|Any CPU.ActiveCfg = Debug|Any CPU
		{D2605559-356E-4233-AF6E-53B64440693B}.Debug|Any CPU.Build.0 = Debug|Any CPU
		{D2605559-356E-4233-AF6E-53B64440693B}.Release|Any CPU.ActiveCfg = Release|Any CPU
		{D2605559-356E-4233-AF6E-53B64440693B}.Release|Any CPU.Build.0 = Release|Any CPU
		{53D1FC35-CBBE-4AB2-AAEF-9AF6A0A44092}.Debug|Any CPU.ActiveCfg = Debug|Any CPU
		{53D1FC35-CBBE-4AB2-AAEF-9AF6A0A44092}.Debug|Any CPU.Build.0 = Debug|Any CPU
		{53D1FC35-CBBE-4AB2-AAEF-9AF6A0A44092}.Release|Any CPU.ActiveCfg = Release|Any CPU
		{53D1FC35-CBBE-4AB2-AAEF-9AF6A0A44092}.Release|Any CPU.Build.0 = Release|Any CPU
		{6ADFBF38-4459-43D2-838D-9C40A0CF4C55}.Debug|Any CPU.ActiveCfg = Debug|Any CPU
		{6ADFBF38-4459-43D2-838D-9C40A0CF4C55}.Debug|Any CPU.Build.0 = Debug|Any CPU
		{6ADFBF38-4459-43D2-838D-9C40A0CF4C55}.Release|Any CPU.ActiveCfg = Release|Any CPU
		{6ADFBF38-4459-43D2-838D-9C40A0CF4C55}.Release|Any CPU.Build.0 = Release|Any CPU
		{65461143-3E62-411D-A955-E9A4C56D73B9}.Debug|Any CPU.ActiveCfg = Debug|Any CPU
		{65461143-3E62-411D-A955-E9A4C56D73B9}.Debug|Any CPU.Build.0 = Debug|Any CPU
		{65461143-3E62-411D-A955-E9A4C56D73B9}.Release|Any CPU.ActiveCfg = Release|Any CPU
		{65461143-3E62-411D-A955-E9A4C56D73B9}.Release|Any CPU.Build.0 = Release|Any CPU
		{AB582435-6493-485C-A98E-B5837DAB2CBD}.Debug|Any CPU.ActiveCfg = Debug|Any CPU
		{AB582435-6493-485C-A98E-B5837DAB2CBD}.Debug|Any CPU.Build.0 = Debug|Any CPU
		{AB582435-6493-485C-A98E-B5837DAB2CBD}.Release|Any CPU.ActiveCfg = Release|Any CPU
		{AB582435-6493-485C-A98E-B5837DAB2CBD}.Release|Any CPU.Build.0 = Release|Any CPU
	EndGlobalSection
	GlobalSection(NestedProjects) = preSolution
		{DCB8C02A-8DBF-4195-B555-B4858C0F385C} = {D7A37767-7A74-4FC2-B107-329BB5684957}
		{5585FE36-89C1-4C45-8701-4DCC341EB855} = {D7A37767-7A74-4FC2-B107-329BB5684957}
		{5A7248D8-0D4E-4CC7-AADA-7B2F117A5A21} = {5585FE36-89C1-4C45-8701-4DCC341EB855}
		{4D266EA2-B46A-4F2E-B3E1-133DE67B57BD} = {5A7248D8-0D4E-4CC7-AADA-7B2F117A5A21}
		{4A0B410F-C48B-4BF3-AC16-942A758CA510} = {5585FE36-89C1-4C45-8701-4DCC341EB855}
		{E33AB5FE-3B00-4FE4-BA6D-D8186CD6D613} = {4A0B410F-C48B-4BF3-AC16-942A758CA510}
		{25C54731-A8D2-471B-A322-0F168F8FE74C} = {D7A37767-7A74-4FC2-B107-329BB5684957}
		{CE946359-2403-4A97-A425-A1D999FB9B85} = {25C54731-A8D2-471B-A322-0F168F8FE74C}
		{10460F7D-4B18-4162-B039-9B3758E412BF} = {CE946359-2403-4A97-A425-A1D999FB9B85}
		{4718047B-A497-4F28-9C97-2A534E4334F9} = {D7A37767-7A74-4FC2-B107-329BB5684957}
		{1CD233D0-79B4-4068-BE10-88D70DC324CC} = {4718047B-A497-4F28-9C97-2A534E4334F9}
		{FA86051B-8B40-4E2A-B3A4-87D67CF5C1F2} = {1CD233D0-79B4-4068-BE10-88D70DC324CC}
		{5BD781C1-273B-49FF-AE8C-1A32CB57F0D0} = {4718047B-A497-4F28-9C97-2A534E4334F9}
		{CDC38F26-4DC6-4291-9878-7A180BCCD2EF} = {5BD781C1-273B-49FF-AE8C-1A32CB57F0D0}
		{9145C229-A1F7-43EC-9625-77E7A5DE4ECB} = {25C54731-A8D2-471B-A322-0F168F8FE74C}
		{D2605559-356E-4233-AF6E-53B64440693B} = {9145C229-A1F7-43EC-9625-77E7A5DE4ECB}
		{53D1FC35-CBBE-4AB2-AAEF-9AF6A0A44092} = {4A0B410F-C48B-4BF3-AC16-942A758CA510}
		{0C20E402-2079-4029-9938-B94DCD0BDC20} = {D7A37767-7A74-4FC2-B107-329BB5684957}
		{36734CB7-3858-44C9-BAC7-FA8D6FB956FB} = {0C20E402-2079-4029-9938-B94DCD0BDC20}
		{6ADFBF38-4459-43D2-838D-9C40A0CF4C55} = {36734CB7-3858-44C9-BAC7-FA8D6FB956FB}
		{1F7AC722-E9E1-41BC-A0E2-4387FF418ABB} = {D7A37767-7A74-4FC2-B107-329BB5684957}
		{19E0235E-CEC5-4B98-BFB1-6E5D777A47B0} = {1F7AC722-E9E1-41BC-A0E2-4387FF418ABB}
		{65461143-3E62-411D-A955-E9A4C56D73B9} = {19E0235E-CEC5-4B98-BFB1-6E5D777A47B0}
		{4A81F038-1602-4205-ABAE-C5AAF20492FE} = {1F7AC722-E9E1-41BC-A0E2-4387FF418ABB}
		{AB582435-6493-485C-A98E-B5837DAB2CBD} = {4A81F038-1602-4205-ABAE-C5AAF20492FE}
	EndGlobalSection
EndGlobal
